
Microsoft Visual Studio Solution File, Format Version 12.00
# Visual Studio Version 17
VisualStudioVersion = 17.5.002.0
MinimumVisualStudioVersion = 10.0.40219.1
Project("{9A19103F-16F7-4668-BE54-9A1E7A4F7556}") = "index", "index.csproj", "{ADCBC7C2-0DCD-435B-AF29-194D4B5C505A}"
EndProject
Global
	GlobalSection(SolutionConfigurationPlatforms) = preSolution
		Debug|Any CPU = Debug|Any CPU
		Release|Any CPU = Release|Any CPU
	EndGlobalSection
	GlobalSection(ProjectConfigurationPlatforms) = postSolution
		{ADCBC7C2-0DCD-435B-AF29-194D4B5C505A}.Debug|Any CPU.ActiveCfg = Debug|Any CPU
		{ADCBC7C2-0DCD-435B-AF29-194D4B5C505A}.Debug|Any CPU.Build.0 = Debug|Any CPU
		{ADCBC7C2-0DCD-435B-AF29-194D4B5C505A}.Release|Any CPU.ActiveCfg = Release|Any CPU
		{ADCBC7C2-0DCD-435B-AF29-194D4B5C505A}.Release|Any CPU.Build.0 = Release|Any CPU
	EndGlobalSection
	GlobalSection(SolutionProperties) = preSolution
		HideSolutionNode = FALSE
	EndGlobalSection
	GlobalSection(ExtensibilityGlobals) = postSolution
		SolutionGuid = {BA1A5AC4-E811-48E3-905F-8007E5484E16}
	EndGlobalSection
EndGlobal
